
Microsoft Visual Studio Solution File, Format Version 12.00
# Visual Studio Version 17
VisualStudioVersion = 17.7.34202.233
MinimumVisualStudioVersion = 10.0.40219.1
Project("{FAE04EC0-301F-11D3-BF4B-00C04F79EFBC}") = "BorderControl", "BorderControl\BorderControl.csproj", "{264B6A2A-EA35-4868-813C-2F8FCB95C955}"
EndProject
Global
	GlobalSection(SolutionConfigurationPlatforms) = preSolution
		Debug|Any CPU = Debug|Any CPU
		Release|Any CPU = Release|Any CPU
	EndGlobalSection
	GlobalSection(ProjectConfigurationPlatforms) = postSolution
		{264B6A2A-EA35-4868-813C-2F8FCB95C955}.Debug|Any CPU.ActiveCfg = Debug|Any CPU
		{264B6A2A-EA35-4868-813C-2F8FCB95C955}.Debug|Any CPU.Build.0 = Debug|Any CPU
		{264B6A2A-EA35-4868-813C-2F8FCB95C955}.Debug|Any CPU.Deploy.0 = Debug|Any CPU
		{264B6A2A-EA35-4868-813C-2F8FCB95C955}.Release|Any CPU.ActiveCfg = Release|Any CPU
		{264B6A2A-EA35-4868-813C-2F8FCB95C955}.Release|Any CPU.Build.0 = Release|Any CPU
		{264B6A2A-EA35-4868-813C-2F8FCB95C955}.Release|Any CPU.Deploy.0 = Release|Any CPU
	EndGlobalSection
	GlobalSection(SolutionProperties) = preSolution
		HideSolutionNode = FALSE
	EndGlobalSection
	GlobalSection(ExtensibilityGlobals) = postSolution
		SolutionGuid = {C733C83A-2846-44E9-801E-AEB179D3DB2E}
	EndGlobalSection
EndGlobal
